
Microsoft Visual Studio Solution File, Format Version 12.00
# Visual Studio 2012
Project("{FAE04EC0-301F-11D3-BF4B-00C04F79EFBC}") = "CleanDictionary", "CleanDictionary\CleanDictionary.csproj", "{FD0527BB-06BD-4430-8D93-0F48A0CC5CF8}"
EndProject
Project("{FAE04EC0-301F-11D3-BF4B-00C04F79EFBC}") = "Cheat", "Cheat\Cheat.csproj", "{11644498-139F-48AA-9C85-82D4C5DDD7C9}"
EndProject
Project("{FAE04EC0-301F-11D3-BF4B-00C04F79EFBC}") = "CheatTests", "CheatTests\CheatTests.csproj", "{51CCEDB9-EBC4-4C6C-A9FD-EB936F1ECACA}"
EndProject
Global
	GlobalSection(SolutionConfigurationPlatforms) = preSolution
		Debug|Any CPU = Debug|Any CPU
		Debug|Mixed Platforms = Debug|Mixed Platforms
		Debug|x86 = Debug|x86
		Release|Any CPU = Release|Any CPU
		Release|Mixed Platforms = Release|Mixed Platforms
		Release|x86 = Release|x86
	EndGlobalSection
	GlobalSection(ProjectConfigurationPlatforms) = postSolution
		{FD0527BB-06BD-4430-8D93-0F48A0CC5CF8}.Debug|Any CPU.ActiveCfg = Debug|x86
		{FD0527BB-06BD-4430-8D93-0F48A0CC5CF8}.Debug|Mixed Platforms.ActiveCfg = Debug|x86
		{FD0527BB-06BD-4430-8D93-0F48A0CC5CF8}.Debug|Mixed Platforms.Build.0 = Debug|x86
		{FD0527BB-06BD-4430-8D93-0F48A0CC5CF8}.Debug|x86.ActiveCfg = Debug|x86
		{FD0527BB-06BD-4430-8D93-0F48A0CC5CF8}.Debug|x86.Build.0 = Debug|x86
		{FD0527BB-06BD-4430-8D93-0F48A0CC5CF8}.Release|Any CPU.ActiveCfg = Release|x86
		{FD0527BB-06BD-4430-8D93-0F48A0CC5CF8}.Release|Mixed Platforms.ActiveCfg = Release|x86
		{FD0527BB-06BD-4430-8D93-0F48A0CC5CF8}.Release|Mixed Platforms.Build.0 = Release|x86
		{FD0527BB-06BD-4430-8D93-0F48A0CC5CF8}.Release|x86.ActiveCfg = Release|x86
		{FD0527BB-06BD-4430-8D93-0F48A0CC5CF8}.Release|x86.Build.0 = Release|x86
		{11644498-139F-48AA-9C85-82D4C5DDD7C9}.Debug|Any CPU.ActiveCfg = Debug|Any CPU
		{11644498-139F-48AA-9C85-82D4C5DDD7C9}.Debug|Any CPU.Build.0 = Debug|Any CPU
		{11644498-139F-48AA-9C85-82D4C5DDD7C9}.Debug|Mixed Platforms.ActiveCfg = Debug|Any CPU
		{11644498-139F-48AA-9C85-82D4C5DDD7C9}.Debug|Mixed Platforms.Build.0 = Debug|Any CPU
		{11644498-139F-48AA-9C85-82D4C5DDD7C9}.Debug|x86.ActiveCfg = Debug|Any CPU
		{11644498-139F-48AA-9C85-82D4C5DDD7C9}.Release|Any CPU.ActiveCfg = Release|Any CPU
		{11644498-139F-48AA-9C85-82D4C5DDD7C9}.Release|Any CPU.Build.0 = Release|Any CPU
		{11644498-139F-48AA-9C85-82D4C5DDD7C9}.Release|Mixed Platforms.ActiveCfg = Release|Any CPU
		{11644498-139F-48AA-9C85-82D4C5DDD7C9}.Release|Mixed Platforms.Build.0 = Release|Any CPU
		{11644498-139F-48AA-9C85-82D4C5DDD7C9}.Release|x86.ActiveCfg = Release|Any CPU
		{51CCEDB9-EBC4-4C6C-A9FD-EB936F1ECACA}.Debug|Any CPU.ActiveCfg = Debug|Any CPU
		{51CCEDB9-EBC4-4C6C-A9FD-EB936F1ECACA}.Debug|Any CPU.Build.0 = Debug|Any CPU
		{51CCEDB9-EBC4-4C6C-A9FD-EB936F1ECACA}.Debug|Mixed Platforms.ActiveCfg = Debug|Any CPU
		{51CCEDB9-EBC4-4C6C-A9FD-EB936F1ECACA}.Debug|Mixed Platforms.Build.0 = Debug|Any CPU
		{51CCEDB9-EBC4-4C6C-A9FD-EB936F1ECACA}.Debug|x86.ActiveCfg = Debug|Any CPU
		{51CCEDB9-EBC4-4C6C-A9FD-EB936F1ECACA}.Release|Any CPU.ActiveCfg = Release|Any CPU
		{51CCEDB9-EBC4-4C6C-A9FD-EB936F1ECACA}.Release|Any CPU.Build.0 = Release|Any CPU
		{51CCEDB9-EBC4-4C6C-A9FD-EB936F1ECACA}.Release|Mixed Platforms.ActiveCfg = Release|Any CPU
		{51CCEDB9-EBC4-4C6C-A9FD-EB936F1ECACA}.Release|Mixed Platforms.Build.0 = Release|Any CPU
		{51CCEDB9-EBC4-4C6C-A9FD-EB936F1ECACA}.Release|x86.ActiveCfg = Release|Any CPU
	EndGlobalSection
	GlobalSection(SolutionProperties) = preSolution
		HideSolutionNode = FALSE
	EndGlobalSection
EndGlobal
